{
  "name": "grupo-10",
  "lockfileVersion": 2,
  "requires": true,
  "packages": {
    "": {
      "dependencies": {
        "sweetalert2": "^11.6.3"
      }
    },
    "node_modules/sweetalert2": {
      "version": "11.6.3",
      "resolved": "https://registry.npmjs.org/sweetalert2/-/sweetalert2-11.6.3.tgz",
      "integrity": "sha512-jeADYax5/5xCR9JcZJp7hoosXDrA8NLc9EUf8Tk3GS0Mqly3rQQUQIubhuAjGMJwkGpoQ8SnLAr75a0tBqdQtw==",
      "funding": {
        "type": "individual",
        "url": "https://github.com/sponsors/limonte"
      }
    }
  },
  "dependencies": {
    "sweetalert2": {
      "version": "11.6.3",
      "resolved": "https://registry.npmjs.org/sweetalert2/-/sweetalert2-11.6.3.tgz",
      "integrity": "sha512-jeADYax5/5xCR9JcZJp7hoosXDrA8NLc9EUf8Tk3GS0Mqly3rQQUQIubhuAjGMJwkGpoQ8SnLAr75a0tBqdQtw=="
    }
  }
}
